{
  "object": {
    "pins": [
      {
        "package": "iOSShared",
        "repositoryURL": "https://github.com/SyncServerII/iOSShared.git",
        "state": {
          "branch": null,
          "revision": "6ffc6d8726b1afe63e218cec3bd19c6a4b41bb80",
          "version": "0.14.1"
        }
      },
      {
        "package": "iOSSignIn",
        "repositoryURL": "https://github.com/SyncServerII/iOSSignIn.git",
        "state": {
          "branch": null,
          "revision": "fc4cd030e21f224c4bab721ceaedef984dc82b4c",
          "version": "0.5.0"
        }
      },
      {
        "package": "KeychainAccess",
        "repositoryURL": "https://github.com/kishikawakatsumi/KeychainAccess.git",
        "state": {
          "branch": null,
          "revision": "84e546727d66f1adc5439debad16270d0fdd04e7",
          "version": "4.2.2"
        }
      },
      {
        "package": "PersistentValue",
        "repositoryURL": "https://github.com/crspybits/PersistentValue.git",
        "state": {
          "branch": null,
          "revision": "ede36cf07a63eec41f5cf100cd907d87e442843a",
          "version": "0.7.1"
        }
      },
      {
        "package": "ServerShared",
        "repositoryURL": "https://github.com/SyncServerII/ServerShared.git",
        "state": {
          "branch": null,
          "revision": "e2669df3641318ae906a9060849ec35c0f993794",
          "version": "0.10.8"
        }
      },
      {
        "package": "SQLite.swift",
        "repositoryURL": "https://github.com/stephencelis/SQLite.swift.git",
        "state": {
          "branch": null,
          "revision": "0a9893ec030501a3956bee572d6b4fdd3ae158a1",
          "version": "0.12.2"
        }
      },
      {
        "package": "swift-log",
        "repositoryURL": "https://github.com/apple/swift-log.git",
        "state": {
          "branch": null,
          "revision": "5d66f7ba25daf4f94100e7022febf3c75e37a6c7",
          "version": "1.4.2"
        }
      },
      {
        "package": "swift-log-file",
        "repositoryURL": "https://github.com/crspybits/swift-log-file.git",
        "state": {
          "branch": null,
          "revision": "aa94b38bf88c7d9cbc87ceafcdffadaffbc2bffa",
          "version": "0.1.0"
        }
      },
      {
        "package": "SwiftyUserDefaults",
        "repositoryURL": "https://github.com/sunshinejr/SwiftyUserDefaults.git",
        "state": {
          "branch": null,
          "revision": "f66bcd04088582c8fbb5cb8554d577e303bae396",
          "version": "5.3.0"
        }
      },
      {
        "package": "XCGLogger",
        "repositoryURL": "https://github.com/DaveWoodCom/XCGLogger.git",
        "state": {
          "branch": null,
          "revision": "a9c4667b247928a29bdd41be2ec2c8d304215a54",
          "version": "7.0.1"
        }
      }
    ]
  },
  "version": 1
}
